
Microsoft Visual Studio Solution File, Format Version 12.00
# Visual Studio Version 17
VisualStudioVersion = 17.5.33516.290
MinimumVisualStudioVersion = 10.0.40219.1
Project("{2150E333-8FDC-42A3-9474-1A3956D46DE8}") = "Src", "Src", "{7468BF22-3E89-47D0-9590-ACB3803F8D33}"
EndProject
Project("{2150E333-8FDC-42A3-9474-1A3956D46DE8}") = "Core", "Core", "{2A30F79D-3790-4247-9EE8-BC6FF877682A}"
EndProject
Project("{2150E333-8FDC-42A3-9474-1A3956D46DE8}") = "Infrastructure", "Infrastructure", "{B5B09CF7-4A36-408B-82BE-D23D3497BBC9}"
EndProject
Project("{2150E333-8FDC-42A3-9474-1A3956D46DE8}") = "Presentation", "Presentation", "{52581DEA-7AA8-45EE-847E-B8064078632F}"
EndProject
Project("{9A19103F-16F7-4668-BE54-9A1E7A4F7556}") = "WebApi", "WebApi\WebApi.csproj", "{28DC6426-537E-4684-96B8-E95B194C122A}"
EndProject
Project("{9A19103F-16F7-4668-BE54-9A1E7A4F7556}") = "Domain", "Domain\Domain.csproj", "{B949D756-6D65-44FF-B78E-E40595E12BA0}"
EndProject
Project("{9A19103F-16F7-4668-BE54-9A1E7A4F7556}") = "Application", "Application\Application.csproj", "{F9DB7F70-3DA1-4ED2-A06A-FD1EC0D53BD6}"
EndProject
Project("{9A19103F-16F7-4668-BE54-9A1E7A4F7556}") = "Persistance", "Persistance\Persistance.csproj", "{87B16895-91D7-4FA4-9515-B9249A4751E8}"
EndProject
Project("{9A19103F-16F7-4668-BE54-9A1E7A4F7556}") = "Infrastruture", "Insfrastruture\Infrastruture.csproj", "{FB1D9AE1-BF99-4781-9231-C398233F039A}"
EndProject
Global
	GlobalSection(SolutionConfigurationPlatforms) = preSolution
		Debug|Any CPU = Debug|Any CPU
		Release|Any CPU = Release|Any CPU
	EndGlobalSection
	GlobalSection(ProjectConfigurationPlatforms) = postSolution
		{28DC6426-537E-4684-96B8-E95B194C122A}.Debug|Any CPU.ActiveCfg = Debug|Any CPU
		{28DC6426-537E-4684-96B8-E95B194C122A}.Debug|Any CPU.Build.0 = Debug|Any CPU
		{28DC6426-537E-4684-96B8-E95B194C122A}.Release|Any CPU.ActiveCfg = Release|Any CPU
		{28DC6426-537E-4684-96B8-E95B194C122A}.Release|Any CPU.Build.0 = Release|Any CPU
		{B949D756-6D65-44FF-B78E-E40595E12BA0}.Debug|Any CPU.ActiveCfg = Debug|Any CPU
		{B949D756-6D65-44FF-B78E-E40595E12BA0}.Debug|Any CPU.Build.0 = Debug|Any CPU
		{B949D756-6D65-44FF-B78E-E40595E12BA0}.Release|Any CPU.ActiveCfg = Release|Any CPU
		{B949D756-6D65-44FF-B78E-E40595E12BA0}.Release|Any CPU.Build.0 = Release|Any CPU
		{F9DB7F70-3DA1-4ED2-A06A-FD1EC0D53BD6}.Debug|Any CPU.ActiveCfg = Debug|Any CPU
		{F9DB7F70-3DA1-4ED2-A06A-FD1EC0D53BD6}.Debug|Any CPU.Build.0 = Debug|Any CPU
		{F9DB7F70-3DA1-4ED2-A06A-FD1EC0D53BD6}.Release|Any CPU.ActiveCfg = Release|Any CPU
		{F9DB7F70-3DA1-4ED2-A06A-FD1EC0D53BD6}.Release|Any CPU.Build.0 = Release|Any CPU
		{87B16895-91D7-4FA4-9515-B9249A4751E8}.Debug|Any CPU.ActiveCfg = Debug|Any CPU
		{87B16895-91D7-4FA4-9515-B9249A4751E8}.Debug|Any CPU.Build.0 = Debug|Any CPU
		{87B16895-91D7-4FA4-9515-B9249A4751E8}.Release|Any CPU.ActiveCfg = Release|Any CPU
		{87B16895-91D7-4FA4-9515-B9249A4751E8}.Release|Any CPU.Build.0 = Release|Any CPU
		{FB1D9AE1-BF99-4781-9231-C398233F039A}.Debug|Any CPU.ActiveCfg = Debug|Any CPU
		{FB1D9AE1-BF99-4781-9231-C398233F039A}.Debug|Any CPU.Build.0 = Debug|Any CPU
		{FB1D9AE1-BF99-4781-9231-C398233F039A}.Release|Any CPU.ActiveCfg = Release|Any CPU
		{FB1D9AE1-BF99-4781-9231-C398233F039A}.Release|Any CPU.Build.0 = Release|Any CPU
	EndGlobalSection
	GlobalSection(SolutionProperties) = preSolution
		HideSolutionNode = FALSE
	EndGlobalSection
	GlobalSection(NestedProjects) = preSolution
		{2A30F79D-3790-4247-9EE8-BC6FF877682A} = {7468BF22-3E89-47D0-9590-ACB3803F8D33}
		{B5B09CF7-4A36-408B-82BE-D23D3497BBC9} = {7468BF22-3E89-47D0-9590-ACB3803F8D33}
		{52581DEA-7AA8-45EE-847E-B8064078632F} = {7468BF22-3E89-47D0-9590-ACB3803F8D33}
		{28DC6426-537E-4684-96B8-E95B194C122A} = {52581DEA-7AA8-45EE-847E-B8064078632F}
		{B949D756-6D65-44FF-B78E-E40595E12BA0} = {2A30F79D-3790-4247-9EE8-BC6FF877682A}
		{F9DB7F70-3DA1-4ED2-A06A-FD1EC0D53BD6} = {2A30F79D-3790-4247-9EE8-BC6FF877682A}
		{87B16895-91D7-4FA4-9515-B9249A4751E8} = {B5B09CF7-4A36-408B-82BE-D23D3497BBC9}
		{FB1D9AE1-BF99-4781-9231-C398233F039A} = {B5B09CF7-4A36-408B-82BE-D23D3497BBC9}
	EndGlobalSection
	GlobalSection(ExtensibilityGlobals) = postSolution
		SolutionGuid = {9A8C0FF2-8B12-498C-9A5B-C95B20435242}
	EndGlobalSection
EndGlobal
